
Microsoft Visual Studio Solution File, Format Version 12.00
# Visual Studio 15
VisualStudioVersion = 15.0.28307.438
MinimumVisualStudioVersion = 10.0.40219.1
Project("{FAE04EC0-301F-11D3-BF4B-00C04F79EFBC}") = "Pizzaria.PL", "Pizzaria\Pizzaria.PL.csproj", "{AFB68C0D-31F8-424A-97B5-8F49767F136B}"
EndProject
Project("{FAE04EC0-301F-11D3-BF4B-00C04F79EFBC}") = "Pizzaria.BLL", "Pizzaria.BLL\Pizzaria.BLL.csproj", "{E80631B0-50B1-4FA5-A76B-A60079CAA253}"
EndProject
Project("{FAE04EC0-301F-11D3-BF4B-00C04F79EFBC}") = "Pizzaria.DAL", "Pizzaria.DAL\Pizzaria.DAL.csproj", "{C10B4DD9-94CD-4824-B1BC-7524F6489521}"
EndProject
Project("{FAE04EC0-301F-11D3-BF4B-00C04F79EFBC}") = "Pizzaria.DTO", "Pizzaria.DTO\Pizzaria.DTO.csproj", "{EA478810-BC8C-40DC-AE4C-7CDC269B39D7}"
EndProject
Global
	GlobalSection(SolutionConfigurationPlatforms) = preSolution
		Debug|Any CPU = Debug|Any CPU
		Release|Any CPU = Release|Any CPU
	EndGlobalSection
	GlobalSection(ProjectConfigurationPlatforms) = postSolution
		{AFB68C0D-31F8-424A-97B5-8F49767F136B}.Debug|Any CPU.ActiveCfg = Debug|Any CPU
		{AFB68C0D-31F8-424A-97B5-8F49767F136B}.Debug|Any CPU.Build.0 = Debug|Any CPU
		{AFB68C0D-31F8-424A-97B5-8F49767F136B}.Release|Any CPU.ActiveCfg = Release|Any CPU
		{AFB68C0D-31F8-424A-97B5-8F49767F136B}.Release|Any CPU.Build.0 = Release|Any CPU
		{E80631B0-50B1-4FA5-A76B-A60079CAA253}.Debug|Any CPU.ActiveCfg = Debug|Any CPU
		{E80631B0-50B1-4FA5-A76B-A60079CAA253}.Debug|Any CPU.Build.0 = Debug|Any CPU
		{E80631B0-50B1-4FA5-A76B-A60079CAA253}.Release|Any CPU.ActiveCfg = Release|Any CPU
		{E80631B0-50B1-4FA5-A76B-A60079CAA253}.Release|Any CPU.Build.0 = Release|Any CPU
		{C10B4DD9-94CD-4824-B1BC-7524F6489521}.Debug|Any CPU.ActiveCfg = Debug|Any CPU
		{C10B4DD9-94CD-4824-B1BC-7524F6489521}.Debug|Any CPU.Build.0 = Debug|Any CPU
		{C10B4DD9-94CD-4824-B1BC-7524F6489521}.Release|Any CPU.ActiveCfg = Release|Any CPU
		{C10B4DD9-94CD-4824-B1BC-7524F6489521}.Release|Any CPU.Build.0 = Release|Any CPU
		{EA478810-BC8C-40DC-AE4C-7CDC269B39D7}.Debug|Any CPU.ActiveCfg = Debug|Any CPU
		{EA478810-BC8C-40DC-AE4C-7CDC269B39D7}.Debug|Any CPU.Build.0 = Debug|Any CPU
		{EA478810-BC8C-40DC-AE4C-7CDC269B39D7}.Release|Any CPU.ActiveCfg = Release|Any CPU
		{EA478810-BC8C-40DC-AE4C-7CDC269B39D7}.Release|Any CPU.Build.0 = Release|Any CPU
	EndGlobalSection
	GlobalSection(SolutionProperties) = preSolution
		HideSolutionNode = FALSE
	EndGlobalSection
	GlobalSection(ExtensibilityGlobals) = postSolution
		SolutionGuid = {4F68EA90-9B0C-46F3-BA26-40E01863B829}
	EndGlobalSection
EndGlobal
